
Microsoft Visual Studio Solution File, Format Version 12.00
# Visual Studio Version 16
VisualStudioVersion = 16.0.809.5
MinimumVisualStudioVersion = 10.0.40219.1
Project("{FAE04EC0-301F-11D3-BF4B-00C04F79EFBC}") = "PracticeLinq", "PracticeLinq\PracticeLinq.csproj", "{13BCF96E-AE1B-4635-A64B-A7374D3FB4EE}"
EndProject
Global
	GlobalSection(SolutionConfigurationPlatforms) = preSolution
		Debug|Any CPU = Debug|Any CPU
		Release|Any CPU = Release|Any CPU
	EndGlobalSection
	GlobalSection(ProjectConfigurationPlatforms) = postSolution
		{13BCF96E-AE1B-4635-A64B-A7374D3FB4EE}.Debug|Any CPU.ActiveCfg = Debug|Any CPU
		{13BCF96E-AE1B-4635-A64B-A7374D3FB4EE}.Debug|Any CPU.Build.0 = Debug|Any CPU
		{13BCF96E-AE1B-4635-A64B-A7374D3FB4EE}.Release|Any CPU.ActiveCfg = Release|Any CPU
		{13BCF96E-AE1B-4635-A64B-A7374D3FB4EE}.Release|Any CPU.Build.0 = Release|Any CPU
	EndGlobalSection
	GlobalSection(SolutionProperties) = preSolution
		HideSolutionNode = FALSE
	EndGlobalSection
	GlobalSection(ExtensibilityGlobals) = postSolution
		SolutionGuid = {4B9F41A7-90A6-475D-ABD9-D3A9B73B0C19}
	EndGlobalSection
EndGlobal
